
Microsoft Visual Studio Solution File, Format Version 12.00
# Visual Studio 15
VisualStudioVersion = 15.0.27130.2010
MinimumVisualStudioVersion = 10.0.40219.1
Project("{FAE04EC0-301F-11D3-BF4B-00C04F79EFBC}") = "TelegramBot", "TelegramBot\TelegramBot.csproj", "{87214962-C9DB-4078-9729-9100F7FD6684}"
EndProject
Global
	GlobalSection(SolutionConfigurationPlatforms) = preSolution
		Debug|Any CPU = Debug|Any CPU
		Release|Any CPU = Release|Any CPU
	EndGlobalSection
	GlobalSection(ProjectConfigurationPlatforms) = postSolution
		{87214962-C9DB-4078-9729-9100F7FD6684}.Debug|Any CPU.ActiveCfg = Debug|Any CPU
		{87214962-C9DB-4078-9729-9100F7FD6684}.Debug|Any CPU.Build.0 = Debug|Any CPU
		{87214962-C9DB-4078-9729-9100F7FD6684}.Release|Any CPU.ActiveCfg = Release|Any CPU
		{87214962-C9DB-4078-9729-9100F7FD6684}.Release|Any CPU.Build.0 = Release|Any CPU
	EndGlobalSection
	GlobalSection(SolutionProperties) = preSolution
		HideSolutionNode = FALSE
	EndGlobalSection
	GlobalSection(ExtensibilityGlobals) = postSolution
		SolutionGuid = {EC3E0218-39C1-42AB-A6A5-56A02DBBE0B8}
	EndGlobalSection
EndGlobal
